<?xml version="1.0" encoding="utf-8"?>
<Project ToolsVersion="4.0" xmlns="http://schemas.microsoft.com/developer/msbuild/2003">
  <ItemGroup>
    <ClCompile Include="Game.cpp" />
    <ClCompile Include="lib\stdafx.cpp" />
    <ClCompile Include="lib\App\app.cpp">
      <Filter>API</Filter>
    </ClCompile>
    <ClCompile Include="lib\App\main.cpp">
      <Filter>API</Filter>
    </ClCompile>
    <ClCompile Include="lib\App\SimpleController.cpp">
      <Filter>API</Filter>
    </ClCompile>
    <ClCompile Include="lib\App\SimpleSound.cpp">
      <Filter>API</Filter>
    </ClCompile>
    <ClCompile Include="lib\App\SimpleSprite.cpp">
      <Filter>API</Filter>
    </ClCompile>
    <ClCompile Include="lib\stb_image\stb_image.cpp">
      <Filter>stb_image</Filter>
    </ClCompile>
  </ItemGroup>
  <ItemGroup>
    <ClInclude Include="lib\stdafx.h" />
    <ClInclude Include="lib\App\app.h">
      <Filter>API</Filter>
    </ClInclude>
    <ClInclude Include="lib\App\AppSettings.h">
      <Filter>API</Filter>
    </ClInclude>
    <ClInclude Include="lib\App\main.h">
      <Filter>API</Filter>
    </ClInclude>
    <ClInclude Include="lib\App\SimpleController.h">
      <Filter>API</Filter>
    </ClInclude>
    <ClInclude Include="lib\App\SimpleSound.h">
      <Filter>API</Filter>
    </ClInclude>
    <ClInclude Include="lib\App\SimpleSprite.h">
      <Filter>API</Filter>
    </ClInclude>
    <ClInclude Include="lib\targetver.h">
      <Filter>API</Filter>
    </ClInclude>
    <ClInclude Include="lib\stb_image\stb_image.h">
      <Filter>stb_image</Filter>
    </ClInclude>
  </ItemGroup>
  <ItemGroup>
    <Filter Include="stb_image">
      <UniqueIdentifier>{61cfc19b-c57e-4021-b530-bac172fcba86}</UniqueIdentifier>
    </Filter>
    <Filter Include="API">
      <UniqueIdentifier>{f318918d-bb9f-4402-ae1c-4f72186d16f6}</UniqueIdentifier>
    </Filter>
  </ItemGroup>
  <ItemGroup>
    <Text Include="ReadMe.txt">
      <Filter>API</Filter>
    </Text>
  </ItemGroup>
</Project>